
Microsoft Visual Studio Solution File, Format Version 12.00
# Visual Studio Version 17
VisualStudioVersion = 17.13.35617.110 d17.13
MinimumVisualStudioVersion = 10.0.40219.1
Project("{FAE04EC0-301F-11D3-BF4B-00C04F79EFBC}") = "WindowsFormsApp8", "WindowsFormsApp8\WindowsFormsApp8.csproj", "{A2E9A586-C2A9-4D6A-867F-E231F6E88D07}"
EndProject
Global
	GlobalSection(SolutionConfigurationPlatforms) = preSolution
		Debug|Any CPU = Debug|Any CPU
		Release|Any CPU = Release|Any CPU
	EndGlobalSection
	GlobalSection(ProjectConfigurationPlatforms) = postSolution
		{A2E9A586-C2A9-4D6A-867F-E231F6E88D07}.Debug|Any CPU.ActiveCfg = Debug|Any CPU
		{A2E9A586-C2A9-4D6A-867F-E231F6E88D07}.Debug|Any CPU.Build.0 = Debug|Any CPU
		{A2E9A586-C2A9-4D6A-867F-E231F6E88D07}.Release|Any CPU.ActiveCfg = Release|Any CPU
		{A2E9A586-C2A9-4D6A-867F-E231F6E88D07}.Release|Any CPU.Build.0 = Release|Any CPU
	EndGlobalSection
	GlobalSection(SolutionProperties) = preSolution
		HideSolutionNode = FALSE
	EndGlobalSection
	GlobalSection(ExtensibilityGlobals) = postSolution
		SolutionGuid = {2E46D0AD-CD97-4B9D-8A2E-835EF9860EE2}
	EndGlobalSection
EndGlobal
